
Microsoft Visual Studio Solution File, Format Version 12.00
# Visual Studio Version 17
VisualStudioVersion = 17.8.34322.80
MinimumVisualStudioVersion = 10.0.40219.1
Project("{FAE04EC0-301F-11D3-BF4B-00C04F79EFBC}") = "Repaso09.C-", "Repaso09.C-\Repaso09.C-.csproj", "{1652661D-457A-4410-AAB2-961344A06262}"
EndProject
Global
	GlobalSection(SolutionConfigurationPlatforms) = preSolution
		Debug|Any CPU = Debug|Any CPU
		Release|Any CPU = Release|Any CPU
	EndGlobalSection
	GlobalSection(ProjectConfigurationPlatforms) = postSolution
		{1652661D-457A-4410-AAB2-961344A06262}.Debug|Any CPU.ActiveCfg = Debug|Any CPU
		{1652661D-457A-4410-AAB2-961344A06262}.Debug|Any CPU.Build.0 = Debug|Any CPU
		{1652661D-457A-4410-AAB2-961344A06262}.Release|Any CPU.ActiveCfg = Release|Any CPU
		{1652661D-457A-4410-AAB2-961344A06262}.Release|Any CPU.Build.0 = Release|Any CPU
	EndGlobalSection
	GlobalSection(SolutionProperties) = preSolution
		HideSolutionNode = FALSE
	EndGlobalSection
	GlobalSection(ExtensibilityGlobals) = postSolution
		SolutionGuid = {F369E56C-3DC5-4B09-B4B8-5AF2485BE8D5}
	EndGlobalSection
EndGlobal
